langcode: en
status: true
dependencies:
  module:
    - damo_extended_collection
    - system
  theme:
    - damo_theme
_core:
  default_config_hash: NE1pyQBYvA7HhAri4BGEo10Ev8cRsragA1B-8_IZxV0
id: createcollectionblock
theme: damo_theme
region: secondary_navigation
weight: -4
provider: null
plugin: create_collection_block
settings:
  id: create_collection_block
  label: 'Create collection block'
  label_display: '0'
  provider: damo_extended_collection
visibility:
  request_path:
    id: request_path
    negate: false
    pages: /collections
